PODS:
  - camera_macos (0.0.1):
    - FlutterMacOS
  - desktop_drop (0.0.1):
    - FlutterMacOS
  - ffmpeg_kit_flutter_new_full (7.1.1):
    - ffmpeg_kit_flutter_new_full/full (= 7.1.1)
    - FlutterMacOS
  - ffmpeg_kit_flutter_new_full/full (7.1.1):
    - FlutterMacOS
  - file_selector_macos (0.0.1):
    - FlutterMacOS
  - FlutterMacOS (1.0.0)
  - gal (1.0.0):
    - Flutter
    - FlutterMacOS
  - media_kit_libs_macos_video (1.0.4):
    - FlutterMacOS
  - media_kit_video (0.0.1):
    - FlutterMacOS
  - package_info_plus (0.0.1):
    - FlutterMacOS
  - path_provider_foundation (0.0.1):
    - Flutter
    - FlutterMacOS
  - record_macos (1.1.0):
    - FlutterMacOS
  - screen_retriever_macos (0.0.1):
    - FlutterMacOS
  - video_player_avfoundation (0.0.1):
    - Flutter
    - FlutterMacOS
  - volume_controller (0.0.1):
    - FlutterMacOS
  - wakelock_plus (0.0.1):
    - FlutterMacOS
  - window_manager (0.5.0):
    - FlutterMacOS

DEPENDENCIES:
  - camera_macos (from `Flutter/ephemeral/.symlinks/plugins/camera_macos/macos`)
  - desktop_drop (from `Flutter/ephemeral/.symlinks/plugins/desktop_drop/macos`)
  - ffmpeg_kit_flutter_new_full (from `Flutter/ephemeral/.symlinks/plugins/ffmpeg_kit_flutter_new_full/macos`)
  - file_selector_macos (from `Flutter/ephemeral/.symlinks/plugins/file_selector_macos/macos`)
  - FlutterMacOS (from `Flutter/ephemeral`)
  - gal (from `Flutter/ephemeral/.symlinks/plugins/gal/darwin`)
  - media_kit_libs_macos_video (from `Flutter/ephemeral/.symlinks/plugins/media_kit_libs_macos_video/macos`)
  - media_kit_video (from `Flutter/ephemeral/.symlinks/plugins/media_kit_video/macos`)
  - package_info_plus (from `Flutter/ephemeral/.symlinks/plugins/package_info_plus/macos`)
  - path_provider_foundation (from `Flutter/ephemeral/.symlinks/plugins/path_provider_foundation/darwin`)
  - record_macos (from `Flutter/ephemeral/.symlinks/plugins/record_macos/macos`)
  - screen_retriever_macos (from `Flutter/ephemeral/.symlinks/plugins/screen_retriever_macos/macos`)
  - video_player_avfoundation (from `Flutter/ephemeral/.symlinks/plugins/video_player_avfoundation/darwin`)
  - volume_controller (from `Flutter/ephemeral/.symlinks/plugins/volume_controller/macos`)
  - wakelock_plus (from `Flutter/ephemeral/.symlinks/plugins/wakelock_plus/macos`)
  - window_manager (from `Flutter/ephemeral/.symlinks/plugins/window_manager/macos`)

EXTERNAL SOURCES:
  camera_macos:
    :path: Flutter/ephemeral/.symlinks/plugins/camera_macos/macos
  desktop_drop:
    :path: Flutter/ephemeral/.symlinks/plugins/desktop_drop/macos
  ffmpeg_kit_flutter_new_full:
    :path: Flutter/ephemeral/.symlinks/plugins/ffmpeg_kit_flutter_new_full/macos
  file_selector_macos:
    :path: Flutter/ephemeral/.symlinks/plugins/file_selector_macos/macos
  FlutterMacOS:
    :path: Flutter/ephemeral
  gal:
    :path: Flutter/ephemeral/.symlinks/plugins/gal/darwin
  media_kit_libs_macos_video:
    :path: Flutter/ephemeral/.symlinks/plugins/media_kit_libs_macos_video/macos
  media_kit_video:
    :path: Flutter/ephemeral/.symlinks/plugins/media_kit_video/macos
  package_info_plus:
    :path: Flutter/ephemeral/.symlinks/plugins/package_info_plus/macos
  path_provider_foundation:
    :path: Flutter/ephemeral/.symlinks/plugins/path_provider_foundation/darwin
  record_macos:
    :path: Flutter/ephemeral/.symlinks/plugins/record_macos/macos
  screen_retriever_macos:
    :path: Flutter/ephemeral/.symlinks/plugins/screen_retriever_macos/macos
  video_player_avfoundation:
    :path: Flutter/ephemeral/.symlinks/plugins/video_player_avfoundation/darwin
  volume_controller:
    :path: Flutter/ephemeral/.symlinks/plugins/volume_controller/macos
  wakelock_plus:
    :path: Flutter/ephemeral/.symlinks/plugins/wakelock_plus/macos
  window_manager:
    :path: Flutter/ephemeral/.symlinks/plugins/window_manager/macos

SPEC CHECKSUMS:
  camera_macos: 9fd766915a6c236c8b3fd902f7ccd215636cd07a
  desktop_drop: 10a3e6a7fa9dbe350541f2574092fecfa345a07b
  ffmpeg_kit_flutter_new_full: 633f11e0948681455c57ca8b6c761a95ca068cc7
  file_selector_macos: 9e9e068e90ebee155097d00e89ae91edb2374db7
  FlutterMacOS: d0db08ddef1a9af05a5ec4b724367152bb0500b1
  gal: baecd024ebfd13c441269ca7404792a7152fde89
  media_kit_libs_macos_video: 85a23e549b5f480e72cae3e5634b5514bc692f65
  media_kit_video: fa6564e3799a0a28bff39442334817088b7ca758
  package_info_plus: f0052d280d17aa382b932f399edf32507174e870
  path_provider_foundation: bb55f6dbba17d0dccd6737fe6f7f34fbd0376880
  record_macos: 43194b6c06ca6f8fa132e2acea72b202b92a0f5b
  screen_retriever_macos: 452e51764a9e1cdb74b3c541238795849f21557f
  video_player_avfoundation: dd410b52df6d2466a42d28550e33e4146928280a
  volume_controller: 5c068e6d085c80dadd33fc2c918d2114b775b3dd
  wakelock_plus: 917609be14d812ddd9e9528876538b2263aaa03b
  window_manager: b729e31d38fb04905235df9ea896128991cad99e

PODFILE CHECKSUM: e2e8acf4a52bdf5a36fafea8a472e7a9356c389b

COCOAPODS: 1.16.2
